
Microsoft Visual Studio Solution File, Format Version 12.00
# Visual Studio Version 17
VisualStudioVersion = 17.9.34728.123
MinimumVisualStudioVersion = 10.0.40219.1
Project("{9A19103F-16F7-4668-BE54-9A1E7A4F7556}") = "fido2Session_1.12", "fido2Session_1.12\fido2Session_1.12.csproj", "{0B4C0411-760C-4E49-A67F-28A1F2F986F3}"
EndProject
Project("{2150E333-8FDC-42A3-9474-1A3956D46DE8}") = "Solution Items", "Solution Items", "{D8A782BE-CC6C-4AD1-AFAE-49607E583AB7}"
	ProjectSection(SolutionItems) = preProject
		.gitignore = .gitignore
	EndProjectSection
EndProject
Project("{FAE04EC0-301F-11D3-BF4B-00C04F79EFBC}") = "OTP_Remove_throws", "OTP_Remove_throws\OTP_Remove_throws.csproj", "{F90CA554-A48B-418A-921F-9CD43D9E9451}"
EndProject
Project("{FAE04EC0-301F-11D3-BF4B-00C04F79EFBC}") = "fido2_empty_fido", "fido2_empty_fido\fido2_empty_fido.csproj", "{B7E76BFC-6F35-4AB4-9915-CC97DB92CE58}"
EndProject
Project("{FAE04EC0-301F-11D3-BF4B-00C04F79EFBC}") = "RestrictNFC", "RestrictNFC\RestrictNFC.csproj", "{11494476-3A0D-4467-8CBA-A9106542C558}"
EndProject
Project("{FAE04EC0-301F-11D3-BF4B-00C04F79EFBC}") = "fido2_TrySetPinConfig", "fido2_TrySetPinConfig\fido2_TrySetPinConfig.csproj", "{E1F542CE-0CFA-4117-A862-82196017B070}"
EndProject
Global
	GlobalSection(SolutionConfigurationPlatforms) = preSolution
		Debug|Any CPU = Debug|Any CPU
		Release|Any CPU = Release|Any CPU
	EndGlobalSection
	GlobalSection(ProjectConfigurationPlatforms) = postSolution
		{0B4C0411-760C-4E49-A67F-28A1F2F986F3}.Debug|Any CPU.ActiveCfg = Debug|Any CPU
		{0B4C0411-760C-4E49-A67F-28A1F2F986F3}.Debug|Any CPU.Build.0 = Debug|Any CPU
		{0B4C0411-760C-4E49-A67F-28A1F2F986F3}.Release|Any CPU.ActiveCfg = Release|Any CPU
		{0B4C0411-760C-4E49-A67F-28A1F2F986F3}.Release|Any CPU.Build.0 = Release|Any CPU
		{F90CA554-A48B-418A-921F-9CD43D9E9451}.Debug|Any CPU.ActiveCfg = Debug|Any CPU
		{F90CA554-A48B-418A-921F-9CD43D9E9451}.Debug|Any CPU.Build.0 = Debug|Any CPU
		{F90CA554-A48B-418A-921F-9CD43D9E9451}.Release|Any CPU.ActiveCfg = Release|Any CPU
		{F90CA554-A48B-418A-921F-9CD43D9E9451}.Release|Any CPU.Build.0 = Release|Any CPU
		{B7E76BFC-6F35-4AB4-9915-CC97DB92CE58}.Debug|Any CPU.ActiveCfg = Debug|Any CPU
		{B7E76BFC-6F35-4AB4-9915-CC97DB92CE58}.Debug|Any CPU.Build.0 = Debug|Any CPU
		{B7E76BFC-6F35-4AB4-9915-CC97DB92CE58}.Release|Any CPU.ActiveCfg = Release|Any CPU
		{B7E76BFC-6F35-4AB4-9915-CC97DB92CE58}.Release|Any CPU.Build.0 = Release|Any CPU
		{11494476-3A0D-4467-8CBA-A9106542C558}.Debug|Any CPU.ActiveCfg = Debug|Any CPU
		{11494476-3A0D-4467-8CBA-A9106542C558}.Debug|Any CPU.Build.0 = Debug|Any CPU
		{11494476-3A0D-4467-8CBA-A9106542C558}.Release|Any CPU.ActiveCfg = Release|Any CPU
		{11494476-3A0D-4467-8CBA-A9106542C558}.Release|Any CPU.Build.0 = Release|Any CPU
		{E1F542CE-0CFA-4117-A862-82196017B070}.Debug|Any CPU.ActiveCfg = Debug|Any CPU
		{E1F542CE-0CFA-4117-A862-82196017B070}.Debug|Any CPU.Build.0 = Debug|Any CPU
		{E1F542CE-0CFA-4117-A862-82196017B070}.Release|Any CPU.ActiveCfg = Release|Any CPU
		{E1F542CE-0CFA-4117-A862-82196017B070}.Release|Any CPU.Build.0 = Release|Any CPU
	EndGlobalSection
	GlobalSection(SolutionProperties) = preSolution
		HideSolutionNode = FALSE
	EndGlobalSection
	GlobalSection(ExtensibilityGlobals) = postSolution
		SolutionGuid = {CEA3CC82-F4AE-418F-A546-E4F1BAB36A1D}
	EndGlobalSection
EndGlobal
